
Microsoft Visual Studio Solution File, Format Version 12.00
# Visual Studio Version 16
VisualStudioVersion = 16.0.31624.102
MinimumVisualStudioVersion = 10.0.40219.1
Project("{9A19103F-16F7-4668-BE54-9A1E7A4F7556}") = "Practica1", "Practica1\Practica1.csproj", "{4F4BE311-B7DE-466A-8FF4-70C52D517853}"
EndProject
Project("{9A19103F-16F7-4668-BE54-9A1E7A4F7556}") = "TestPractica1", "TestProject1\TestPractica1.csproj", "{BF90FEE6-B757-49CD-B44A-4D8BB12E2CC5}"
EndProject
Global
	GlobalSection(SolutionConfigurationPlatforms) = preSolution
		Debug|Any CPU = Debug|Any CPU
		Release|Any CPU = Release|Any CPU
	EndGlobalSection
	GlobalSection(ProjectConfigurationPlatforms) = postSolution
		{4F4BE311-B7DE-466A-8FF4-70C52D517853}.Debug|Any CPU.ActiveCfg = Debug|Any CPU
		{4F4BE311-B7DE-466A-8FF4-70C52D517853}.Debug|Any CPU.Build.0 = Debug|Any CPU
		{4F4BE311-B7DE-466A-8FF4-70C52D517853}.Release|Any CPU.ActiveCfg = Release|Any CPU
		{4F4BE311-B7DE-466A-8FF4-70C52D517853}.Release|Any CPU.Build.0 = Release|Any CPU
		{BF90FEE6-B757-49CD-B44A-4D8BB12E2CC5}.Debug|Any CPU.ActiveCfg = Debug|Any CPU
		{BF90FEE6-B757-49CD-B44A-4D8BB12E2CC5}.Debug|Any CPU.Build.0 = Debug|Any CPU
		{BF90FEE6-B757-49CD-B44A-4D8BB12E2CC5}.Release|Any CPU.ActiveCfg = Release|Any CPU
		{BF90FEE6-B757-49CD-B44A-4D8BB12E2CC5}.Release|Any CPU.Build.0 = Release|Any CPU
	EndGlobalSection
	GlobalSection(SolutionProperties) = preSolution
		HideSolutionNode = FALSE
	EndGlobalSection
	GlobalSection(ExtensibilityGlobals) = postSolution
		SolutionGuid = {A74D0599-E5B7-4745-96BC-CBA9D275E937}
	EndGlobalSection
EndGlobal
