
Microsoft Visual Studio Solution File, Format Version 12.00
# Visual Studio Version 16
VisualStudioVersion = 16.0.30517.126
MinimumVisualStudioVersion = 10.0.40219.1
Project("{FAE04EC0-301F-11D3-BF4B-00C04F79EFBC}") = "EjemploEnumerado", "EjemploEnumerado\EjemploEnumerado.csproj", "{CD318D72-1626-4F39-948D-5C8ADBA3DB4D}"
EndProject
Global
	GlobalSection(SolutionConfigurationPlatforms) = preSolution
		Debug|Any CPU = Debug|Any CPU
		Release|Any CPU = Release|Any CPU
	EndGlobalSection
	GlobalSection(ProjectConfigurationPlatforms) = postSolution
		{CD318D72-1626-4F39-948D-5C8ADBA3DB4D}.Debug|Any CPU.ActiveCfg = Debug|Any CPU
		{CD318D72-1626-4F39-948D-5C8ADBA3DB4D}.Debug|Any CPU.Build.0 = Debug|Any CPU
		{CD318D72-1626-4F39-948D-5C8ADBA3DB4D}.Release|Any CPU.ActiveCfg = Release|Any CPU
		{CD318D72-1626-4F39-948D-5C8ADBA3DB4D}.Release|Any CPU.Build.0 = Release|Any CPU
	EndGlobalSection
	GlobalSection(SolutionProperties) = preSolution
		HideSolutionNode = FALSE
	EndGlobalSection
	GlobalSection(ExtensibilityGlobals) = postSolution
		SolutionGuid = {BCFF222E-B08C-4062-85C0-D95164B56825}
	EndGlobalSection
EndGlobal
