
Microsoft Visual Studio Solution File, Format Version 12.00
# Visual Studio Version 16
VisualStudioVersion = 16.0.30517.126
MinimumVisualStudioVersion = 10.0.40219.1
Project("{FAE04EC0-301F-11D3-BF4B-00C04F79EFBC}") = "ejemploLambdaNetCore", "ejemploLambdaNetCore\ejemploLambdaNetCore.csproj", "{EE68F9BC-BAC7-4A25-AC3A-09E0A0D5BF5E}"
EndProject
Global
	GlobalSection(SolutionConfigurationPlatforms) = preSolution
		Debug|Any CPU = Debug|Any CPU
		Release|Any CPU = Release|Any CPU
	EndGlobalSection
	GlobalSection(ProjectConfigurationPlatforms) = postSolution
		{EE68F9BC-BAC7-4A25-AC3A-09E0A0D5BF5E}.Debug|Any CPU.ActiveCfg = Debug|Any CPU
		{EE68F9BC-BAC7-4A25-AC3A-09E0A0D5BF5E}.Debug|Any CPU.Build.0 = Debug|Any CPU
		{EE68F9BC-BAC7-4A25-AC3A-09E0A0D5BF5E}.Release|Any CPU.ActiveCfg = Release|Any CPU
		{EE68F9BC-BAC7-4A25-AC3A-09E0A0D5BF5E}.Release|Any CPU.Build.0 = Release|Any CPU
	EndGlobalSection
	GlobalSection(SolutionProperties) = preSolution
		HideSolutionNode = FALSE
	EndGlobalSection
	GlobalSection(ExtensibilityGlobals) = postSolution
		SolutionGuid = {D24BF3C0-D567-48B4-AC80-40655301BD6E}
	EndGlobalSection
EndGlobal
